<Solution>
  <Configurations>
    <Platform Name="ARM64" />
    <Platform Name="x64" />
    <Platform Name="x86" />
  </Configurations>
  <Project Path="AirportAPI/AirportAPI.csproj" Id="9c547056-b68b-49b5-a83f-6dcdcb276b1d" />
  <Project Path="AirportAppWebAPI/AirportAppWebAPI.csproj" Id="c1c14e41-9bd6-4d9f-830e-e66dea5d921a" />
  <Project Path="src/AirportApp.Data/AirportApp.Data.csproj" Id="8b63e15b-a655-4932-8fac-86ae1f2b9853" />
  <Project Path="src/AirportApp.Test/AirportApp.Test.csproj" Id="ece58d75-0fcc-470a-bda1-02bff94ac559" />
  <Project Path="src/AirportApp/AirportApp.csproj">
    <Platform Solution="*|ARM64" Project="ARM64" />
    <Platform Solution="*|x64" Project="x64" />
    <Platform Solution="*|x86" Project="x86" />
    <Deploy />
  </Project>
</Solution>